
Microsoft Visual Studio Solution File, Format Version 12.00
# Visual Studio Version 17
VisualStudioVersion = 17.9.34616.47
MinimumVisualStudioVersion = 10.0.40219.1
Project("{FAE04EC0-301F-11D3-BF4B-00C04F79EFBC}") = "OracleRevert", "OracleRevert\OracleRevert.csproj", "{75E1E3B3-AF7D-4F06-B710-BDD549FABC6B}"
EndProject
Global
	GlobalSection(SolutionConfigurationPlatforms) = preSolution
		Debug|Any CPU = Debug|Any CPU
		Release|Any CPU = Release|Any CPU
	EndGlobalSection
	GlobalSection(ProjectConfigurationPlatforms) = postSolution
		{75E1E3B3-AF7D-4F06-B710-BDD549FABC6B}.Debug|Any CPU.ActiveCfg = Debug|Any CPU
		{75E1E3B3-AF7D-4F06-B710-BDD549FABC6B}.Debug|Any CPU.Build.0 = Debug|Any CPU
		{75E1E3B3-AF7D-4F06-B710-BDD549FABC6B}.Release|Any CPU.ActiveCfg = Release|Any CPU
		{75E1E3B3-AF7D-4F06-B710-BDD549FABC6B}.Release|Any CPU.Build.0 = Release|Any CPU
	EndGlobalSection
	GlobalSection(SolutionProperties) = preSolution
		HideSolutionNode = FALSE
	EndGlobalSection
	GlobalSection(ExtensibilityGlobals) = postSolution
		SolutionGuid = {68E68AF5-1488-436D-8C79-57DE11ACE99E}
	EndGlobalSection
EndGlobal
